
Microsoft Visual Studio Solution File, Format Version 12.00
# Visual Studio Version 17
VisualStudioVersion = 17.9.34701.34
MinimumVisualStudioVersion = 10.0.40219.1
Project("{9A19103F-16F7-4668-BE54-9A1E7A4F7556}") = "SqsPublisher", "SqsPublisher\SqsPublisher.csproj", "{646307BA-561E-4D74-AC53-C164E3017BCB}"
EndProject
Project("{9A19103F-16F7-4668-BE54-9A1E7A4F7556}") = "SqsConsumer", "SqsConsumer\SqsConsumer.csproj", "{D936889F-5471-4716-A98B-106E69DE3CE9}"
EndProject
Project("{9A19103F-16F7-4668-BE54-9A1E7A4F7556}") = "Customers.Api", "Customers.Api\Customers.Api.csproj", "{839ACAB2-E71D-49E7-9FC8-33AAA2EE4D67}"
EndProject
Project("{9A19103F-16F7-4668-BE54-9A1E7A4F7556}") = "Customers.Consumer", "Customers.Consumer\Customers.Consumer.csproj", "{E7E753EF-069E-46CE-8ED4-172BAA2EAF46}"
EndProject
Project("{9A19103F-16F7-4668-BE54-9A1E7A4F7556}") = "SnsPublisher", "SnsPublisher\SnsPublisher.csproj", "{574FEA5B-2910-4843-B1D1-5F73196FCA12}"
EndProject
Project("{9A19103F-16F7-4668-BE54-9A1E7A4F7556}") = "Movies.Api", "Movies.Api\Movies.Api.csproj", "{DECBBAE7-EBCD-4CFC-90AA-8A8FF3E26ACA}"
EndProject
Project("{9A19103F-16F7-4668-BE54-9A1E7A4F7556}") = "S3Playground", "S3Playground\S3Playground.csproj", "{43FD951A-D903-4DFB-AFE4-35D997FA9203}"
EndProject
Project("{9A19103F-16F7-4668-BE54-9A1E7A4F7556}") = "SecretsManager", "SecretsManager\SecretsManager.csproj", "{12BFEC8D-A356-4AFC-9D7F-02375BDBF017}"
EndProject
Project("{9A19103F-16F7-4668-BE54-9A1E7A4F7556}") = "Weather.Api", "Weather.Api\Weather.Api.csproj", "{09721DB2-7331-4FE5-BC88-6698AEC30E11}"
EndProject
Project("{9A19103F-16F7-4668-BE54-9A1E7A4F7556}") = "SimpleLambda", "SimpleLambda\src\SimpleLambda\SimpleLambda.csproj", "{B9E17DED-97A4-4618-8481-5CE4C12B5ECB}"
EndProject
Project("{9A19103F-16F7-4668-BE54-9A1E7A4F7556}") = "SimpleHttpLambda", "SimpleHttpLambda\src\SimpleHttpLambda\SimpleHttpLambda.csproj", "{C57C60C6-9724-43CA-94EA-40DDBB1F6185}"
EndProject
Project("{9A19103F-16F7-4668-BE54-9A1E7A4F7556}") = "SimpleSqsLambda", "SimpleSqsLambda\src\SimpleSqsLambda\SimpleSqsLambda.csproj", "{9338D3E2-F123-44B8-BCA1-0414B52E8B30}"
EndProject
Project("{FAE04EC0-301F-11D3-BF4B-00C04F79EFBC}") = "SimpleSnsLambda", "SimpleSnsLambda\src\SimpleSnsLambda\SimpleSnsLambda.csproj", "{CD1CBED8-3E0A-4DC7-9FA5-CB23E8D4D109}"
EndProject
Project("{FAE04EC0-301F-11D3-BF4B-00C04F79EFBC}") = "SimpleDynamoDbLambda", "SimpleDynamoDbLambda\src\SimpleDynamoDbLambda\SimpleDynamoDbLambda.csproj", "{A033CE2A-8E5F-467B-960C-7D5E23FDC0EC}"
EndProject
Project("{FAE04EC0-301F-11D3-BF4B-00C04F79EFBC}") = "SimpleS3Lambda", "SimpleS3Lambda\src\SimpleS3Lambda\SimpleS3Lambda.csproj", "{EAEF15DA-E797-4F50-A334-14983993421D}"
EndProject
Project("{FAE04EC0-301F-11D3-BF4B-00C04F79EFBC}") = "SimpleApiLambda", "SimpleApiLambda\SimpleApiLambda.csproj", "{4E336319-EA04-4DC4-A52C-2755BDA2E2FA}"
EndProject
Project("{FAE04EC0-301F-11D3-BF4B-00C04F79EFBC}") = "SimpleCustomLambda", "SimpleCustomLambda\src\SimpleCustomLambda\SimpleCustomLambda.csproj", "{1B2714F5-3AE6-4D40-BD2D-675D2C64B9A2}"
EndProject
Global
	GlobalSection(SolutionConfigurationPlatforms) = preSolution
		Debug|Any CPU = Debug|Any CPU
		Release|Any CPU = Release|Any CPU
	EndGlobalSection
	GlobalSection(ProjectConfigurationPlatforms) = postSolution
		{646307BA-561E-4D74-AC53-C164E3017BCB}.Debug|Any CPU.ActiveCfg = Debug|Any CPU
		{646307BA-561E-4D74-AC53-C164E3017BCB}.Debug|Any CPU.Build.0 = Debug|Any CPU
		{646307BA-561E-4D74-AC53-C164E3017BCB}.Release|Any CPU.ActiveCfg = Release|Any CPU
		{646307BA-561E-4D74-AC53-C164E3017BCB}.Release|Any CPU.Build.0 = Release|Any CPU
		{D936889F-5471-4716-A98B-106E69DE3CE9}.Debug|Any CPU.ActiveCfg = Debug|Any CPU
		{D936889F-5471-4716-A98B-106E69DE3CE9}.Debug|Any CPU.Build.0 = Debug|Any CPU
		{D936889F-5471-4716-A98B-106E69DE3CE9}.Release|Any CPU.ActiveCfg = Release|Any CPU
		{D936889F-5471-4716-A98B-106E69DE3CE9}.Release|Any CPU.Build.0 = Release|Any CPU
		{839ACAB2-E71D-49E7-9FC8-33AAA2EE4D67}.Debug|Any CPU.ActiveCfg = Debug|Any CPU
		{839ACAB2-E71D-49E7-9FC8-33AAA2EE4D67}.Debug|Any CPU.Build.0 = Debug|Any CPU
		{839ACAB2-E71D-49E7-9FC8-33AAA2EE4D67}.Release|Any CPU.ActiveCfg = Release|Any CPU
		{839ACAB2-E71D-49E7-9FC8-33AAA2EE4D67}.Release|Any CPU.Build.0 = Release|Any CPU
		{E7E753EF-069E-46CE-8ED4-172BAA2EAF46}.Debug|Any CPU.ActiveCfg = Debug|Any CPU
		{E7E753EF-069E-46CE-8ED4-172BAA2EAF46}.Debug|Any CPU.Build.0 = Debug|Any CPU
		{E7E753EF-069E-46CE-8ED4-172BAA2EAF46}.Release|Any CPU.ActiveCfg = Release|Any CPU
		{E7E753EF-069E-46CE-8ED4-172BAA2EAF46}.Release|Any CPU.Build.0 = Release|Any CPU
		{574FEA5B-2910-4843-B1D1-5F73196FCA12}.Debug|Any CPU.ActiveCfg = Debug|Any CPU
		{574FEA5B-2910-4843-B1D1-5F73196FCA12}.Debug|Any CPU.Build.0 = Debug|Any CPU
		{574FEA5B-2910-4843-B1D1-5F73196FCA12}.Release|Any CPU.ActiveCfg = Release|Any CPU
		{574FEA5B-2910-4843-B1D1-5F73196FCA12}.Release|Any CPU.Build.0 = Release|Any CPU
		{DECBBAE7-EBCD-4CFC-90AA-8A8FF3E26ACA}.Debug|Any CPU.ActiveCfg = Debug|Any CPU
		{DECBBAE7-EBCD-4CFC-90AA-8A8FF3E26ACA}.Debug|Any CPU.Build.0 = Debug|Any CPU
		{DECBBAE7-EBCD-4CFC-90AA-8A8FF3E26ACA}.Release|Any CPU.ActiveCfg = Release|Any CPU
		{DECBBAE7-EBCD-4CFC-90AA-8A8FF3E26ACA}.Release|Any CPU.Build.0 = Release|Any CPU
		{43FD951A-D903-4DFB-AFE4-35D997FA9203}.Debug|Any CPU.ActiveCfg = Debug|Any CPU
		{43FD951A-D903-4DFB-AFE4-35D997FA9203}.Debug|Any CPU.Build.0 = Debug|Any CPU
		{43FD951A-D903-4DFB-AFE4-35D997FA9203}.Release|Any CPU.ActiveCfg = Release|Any CPU
		{43FD951A-D903-4DFB-AFE4-35D997FA9203}.Release|Any CPU.Build.0 = Release|Any CPU
		{12BFEC8D-A356-4AFC-9D7F-02375BDBF017}.Debug|Any CPU.ActiveCfg = Debug|Any CPU
		{12BFEC8D-A356-4AFC-9D7F-02375BDBF017}.Debug|Any CPU.Build.0 = Debug|Any CPU
		{12BFEC8D-A356-4AFC-9D7F-02375BDBF017}.Release|Any CPU.ActiveCfg = Release|Any CPU
		{12BFEC8D-A356-4AFC-9D7F-02375BDBF017}.Release|Any CPU.Build.0 = Release|Any CPU
		{09721DB2-7331-4FE5-BC88-6698AEC30E11}.Debug|Any CPU.ActiveCfg = Debug|Any CPU
		{09721DB2-7331-4FE5-BC88-6698AEC30E11}.Debug|Any CPU.Build.0 = Debug|Any CPU
		{09721DB2-7331-4FE5-BC88-6698AEC30E11}.Release|Any CPU.ActiveCfg = Release|Any CPU
		{09721DB2-7331-4FE5-BC88-6698AEC30E11}.Release|Any CPU.Build.0 = Release|Any CPU
		{B9E17DED-97A4-4618-8481-5CE4C12B5ECB}.Debug|Any CPU.ActiveCfg = Debug|Any CPU
		{B9E17DED-97A4-4618-8481-5CE4C12B5ECB}.Debug|Any CPU.Build.0 = Debug|Any CPU
		{B9E17DED-97A4-4618-8481-5CE4C12B5ECB}.Release|Any CPU.ActiveCfg = Release|Any CPU
		{B9E17DED-97A4-4618-8481-5CE4C12B5ECB}.Release|Any CPU.Build.0 = Release|Any CPU
		{C57C60C6-9724-43CA-94EA-40DDBB1F6185}.Debug|Any CPU.ActiveCfg = Debug|Any CPU
		{C57C60C6-9724-43CA-94EA-40DDBB1F6185}.Debug|Any CPU.Build.0 = Debug|Any CPU
		{C57C60C6-9724-43CA-94EA-40DDBB1F6185}.Release|Any CPU.ActiveCfg = Release|Any CPU
		{C57C60C6-9724-43CA-94EA-40DDBB1F6185}.Release|Any CPU.Build.0 = Release|Any CPU
		{9338D3E2-F123-44B8-BCA1-0414B52E8B30}.Debug|Any CPU.ActiveCfg = Debug|Any CPU
		{9338D3E2-F123-44B8-BCA1-0414B52E8B30}.Debug|Any CPU.Build.0 = Debug|Any CPU
		{9338D3E2-F123-44B8-BCA1-0414B52E8B30}.Release|Any CPU.ActiveCfg = Release|Any CPU
		{9338D3E2-F123-44B8-BCA1-0414B52E8B30}.Release|Any CPU.Build.0 = Release|Any CPU
		{CD1CBED8-3E0A-4DC7-9FA5-CB23E8D4D109}.Debug|Any CPU.ActiveCfg = Debug|Any CPU
		{CD1CBED8-3E0A-4DC7-9FA5-CB23E8D4D109}.Debug|Any CPU.Build.0 = Debug|Any CPU
		{CD1CBED8-3E0A-4DC7-9FA5-CB23E8D4D109}.Release|Any CPU.ActiveCfg = Release|Any CPU
		{CD1CBED8-3E0A-4DC7-9FA5-CB23E8D4D109}.Release|Any CPU.Build.0 = Release|Any CPU
		{A033CE2A-8E5F-467B-960C-7D5E23FDC0EC}.Debug|Any CPU.ActiveCfg = Debug|Any CPU
		{A033CE2A-8E5F-467B-960C-7D5E23FDC0EC}.Debug|Any CPU.Build.0 = Debug|Any CPU
		{A033CE2A-8E5F-467B-960C-7D5E23FDC0EC}.Release|Any CPU.ActiveCfg = Release|Any CPU
		{A033CE2A-8E5F-467B-960C-7D5E23FDC0EC}.Release|Any CPU.Build.0 = Release|Any CPU
		{EAEF15DA-E797-4F50-A334-14983993421D}.Debug|Any CPU.ActiveCfg = Debug|Any CPU
		{EAEF15DA-E797-4F50-A334-14983993421D}.Debug|Any CPU.Build.0 = Debug|Any CPU
		{EAEF15DA-E797-4F50-A334-14983993421D}.Release|Any CPU.ActiveCfg = Release|Any CPU
		{EAEF15DA-E797-4F50-A334-14983993421D}.Release|Any CPU.Build.0 = Release|Any CPU
		{4E336319-EA04-4DC4-A52C-2755BDA2E2FA}.Debug|Any CPU.ActiveCfg = Debug|Any CPU
		{4E336319-EA04-4DC4-A52C-2755BDA2E2FA}.Debug|Any CPU.Build.0 = Debug|Any CPU
		{4E336319-EA04-4DC4-A52C-2755BDA2E2FA}.Release|Any CPU.ActiveCfg = Release|Any CPU
		{4E336319-EA04-4DC4-A52C-2755BDA2E2FA}.Release|Any CPU.Build.0 = Release|Any CPU
		{1B2714F5-3AE6-4D40-BD2D-675D2C64B9A2}.Debug|Any CPU.ActiveCfg = Debug|Any CPU
		{1B2714F5-3AE6-4D40-BD2D-675D2C64B9A2}.Debug|Any CPU.Build.0 = Debug|Any CPU
		{1B2714F5-3AE6-4D40-BD2D-675D2C64B9A2}.Release|Any CPU.ActiveCfg = Release|Any CPU
		{1B2714F5-3AE6-4D40-BD2D-675D2C64B9A2}.Release|Any CPU.Build.0 = Release|Any CPU
	EndGlobalSection
	GlobalSection(SolutionProperties) = preSolution
		HideSolutionNode = FALSE
	EndGlobalSection
	GlobalSection(ExtensibilityGlobals) = postSolution
		SolutionGuid = {3DA3B3A4-90E9-485E-AA87-EA658ADA3A96}
	EndGlobalSection
EndGlobal
